
Microsoft Visual Studio Solution File, Format Version 12.00
# Visual Studio Version 17
VisualStudioVersion = 17.8.34601.278
MinimumVisualStudioVersion = 10.0.40219.1
Project("{FAE04EC0-301F-11D3-BF4B-00C04F79EFBC}") = "Travel_Nest", "Travel_Nest.csproj", "{30698E93-1D90-4DE8-A318-7E712E5475EF}"
EndProject
Global
	GlobalSection(SolutionConfigurationPlatforms) = preSolution
		Debug|Any CPU = Debug|Any CPU
		Release|Any CPU = Release|Any CPU
	EndGlobalSection
	GlobalSection(ProjectConfigurationPlatforms) = postSolution
		{30698E93-1D90-4DE8-A318-7E712E5475EF}.Debug|Any CPU.ActiveCfg = Debug|Any CPU
		{30698E93-1D90-4DE8-A318-7E712E5475EF}.Debug|Any CPU.Build.0 = Debug|Any CPU
		{30698E93-1D90-4DE8-A318-7E712E5475EF}.Release|Any CPU.ActiveCfg = Release|Any CPU
		{30698E93-1D90-4DE8-A318-7E712E5475EF}.Release|Any CPU.Build.0 = Release|Any CPU
	EndGlobalSection
	GlobalSection(SolutionProperties) = preSolution
		HideSolutionNode = FALSE
	EndGlobalSection
	GlobalSection(ExtensibilityGlobals) = postSolution
		SolutionGuid = {106EC144-E646-4C4E-914D-0AC3B5CE7A10}
	EndGlobalSection
EndGlobal
